
Microsoft Visual Studio Solution File, Format Version 12.00
# Visual Studio 15
VisualStudioVersion = 15.0.27130.2010
MinimumVisualStudioVersion = 10.0.40219.1
Project("{FAE04EC0-301F-11D3-BF4B-00C04F79EFBC}") = "WPTaskClient", "WPTaskClient\WPTaskClient.csproj", "{AB44B8EE-7B3B-4E94-B406-3DEC140F697C}"
EndProject
Project("{FAE04EC0-301F-11D3-BF4B-00C04F79EFBC}") = "WPTaskClientTests", "WPTaskClientTests\WPTaskClientTests.csproj", "{35D6787F-A022-4D6E-AE22-F99E1CC2B53A}"
EndProject
Global
	GlobalSection(SolutionConfigurationPlatforms) = preSolution
		Debug|ARM = Debug|ARM
		Debug|x64 = Debug|x64
		Debug|x86 = Debug|x86
		Release|ARM = Release|ARM
		Release|x64 = Release|x64
		Release|x86 = Release|x86
	EndGlobalSection
	GlobalSection(ProjectConfigurationPlatforms) = postSolution
		{AB44B8EE-7B3B-4E94-B406-3DEC140F697C}.Debug|ARM.ActiveCfg = Debug|ARM
		{AB44B8EE-7B3B-4E94-B406-3DEC140F697C}.Debug|ARM.Build.0 = Debug|ARM
		{AB44B8EE-7B3B-4E94-B406-3DEC140F697C}.Debug|ARM.Deploy.0 = Debug|ARM
		{AB44B8EE-7B3B-4E94-B406-3DEC140F697C}.Debug|x64.ActiveCfg = Debug|x64
		{AB44B8EE-7B3B-4E94-B406-3DEC140F697C}.Debug|x64.Build.0 = Debug|x64
		{AB44B8EE-7B3B-4E94-B406-3DEC140F697C}.Debug|x64.Deploy.0 = Debug|x64
		{AB44B8EE-7B3B-4E94-B406-3DEC140F697C}.Debug|x86.ActiveCfg = Debug|x86
		{AB44B8EE-7B3B-4E94-B406-3DEC140F697C}.Debug|x86.Build.0 = Debug|x86
		{AB44B8EE-7B3B-4E94-B406-3DEC140F697C}.Debug|x86.Deploy.0 = Debug|x86
		{AB44B8EE-7B3B-4E94-B406-3DEC140F697C}.Release|ARM.ActiveCfg = Release|ARM
		{AB44B8EE-7B3B-4E94-B406-3DEC140F697C}.Release|ARM.Build.0 = Release|ARM
		{AB44B8EE-7B3B-4E94-B406-3DEC140F697C}.Release|ARM.Deploy.0 = Release|ARM
		{AB44B8EE-7B3B-4E94-B406-3DEC140F697C}.Release|x64.ActiveCfg = Release|x64
		{AB44B8EE-7B3B-4E94-B406-3DEC140F697C}.Release|x64.Build.0 = Release|x64
		{AB44B8EE-7B3B-4E94-B406-3DEC140F697C}.Release|x64.Deploy.0 = Release|x64
		{AB44B8EE-7B3B-4E94-B406-3DEC140F697C}.Release|x86.ActiveCfg = Release|x86
		{AB44B8EE-7B3B-4E94-B406-3DEC140F697C}.Release|x86.Build.0 = Release|x86
		{AB44B8EE-7B3B-4E94-B406-3DEC140F697C}.Release|x86.Deploy.0 = Release|x86
		{35D6787F-A022-4D6E-AE22-F99E1CC2B53A}.Debug|ARM.ActiveCfg = Debug|ARM
		{35D6787F-A022-4D6E-AE22-F99E1CC2B53A}.Debug|ARM.Build.0 = Debug|ARM
		{35D6787F-A022-4D6E-AE22-F99E1CC2B53A}.Debug|ARM.Deploy.0 = Debug|ARM
		{35D6787F-A022-4D6E-AE22-F99E1CC2B53A}.Debug|x64.ActiveCfg = Debug|x64
		{35D6787F-A022-4D6E-AE22-F99E1CC2B53A}.Debug|x64.Build.0 = Debug|x64
		{35D6787F-A022-4D6E-AE22-F99E1CC2B53A}.Debug|x64.Deploy.0 = Debug|x64
		{35D6787F-A022-4D6E-AE22-F99E1CC2B53A}.Debug|x86.ActiveCfg = Debug|x86
		{35D6787F-A022-4D6E-AE22-F99E1CC2B53A}.Debug|x86.Build.0 = Debug|x86
		{35D6787F-A022-4D6E-AE22-F99E1CC2B53A}.Debug|x86.Deploy.0 = Debug|x86
		{35D6787F-A022-4D6E-AE22-F99E1CC2B53A}.Release|ARM.ActiveCfg = Release|ARM
		{35D6787F-A022-4D6E-AE22-F99E1CC2B53A}.Release|ARM.Build.0 = Release|ARM
		{35D6787F-A022-4D6E-AE22-F99E1CC2B53A}.Release|ARM.Deploy.0 = Release|ARM
		{35D6787F-A022-4D6E-AE22-F99E1CC2B53A}.Release|x64.ActiveCfg = Release|x64
		{35D6787F-A022-4D6E-AE22-F99E1CC2B53A}.Release|x64.Build.0 = Release|x64
		{35D6787F-A022-4D6E-AE22-F99E1CC2B53A}.Release|x64.Deploy.0 = Release|x64
		{35D6787F-A022-4D6E-AE22-F99E1CC2B53A}.Release|x86.ActiveCfg = Release|x86
		{35D6787F-A022-4D6E-AE22-F99E1CC2B53A}.Release|x86.Build.0 = Release|x86
		{35D6787F-A022-4D6E-AE22-F99E1CC2B53A}.Release|x86.Deploy.0 = Release|x86
	EndGlobalSection
	GlobalSection(SolutionProperties) = preSolution
		HideSolutionNode = FALSE
	EndGlobalSection
	GlobalSection(ExtensibilityGlobals) = postSolution
		SolutionGuid = {7EF0FCE0-BBE0-4A09-9E02-A9585BFDCF3E}
	EndGlobalSection
EndGlobal
